{
    "_meta": {
        "hash": {
            "sha256": "f68228bd9b30879f41d702cad6c8febf64b01ba19eabe0048eaf03c7c2446651"
        },
        "pipfile-spec": 6,
        "requires": {
            "python_version": "3.10"
        },
        "sources": [
            {
                "name": "pypi",
                "url": "https://pypi.org/simple",
                "verify_ssl": true
            }
        ]
    },
    "default": {
        "asgiref": {
            "hashes": [
                "sha256:89b2ef2247e3b562a16eef663bc0e2e703ec6468e2fa8a5cd61cd449786d4f6e",
                "sha256:9e0ce3aa93a819ba5b45120216b23878cf6e8525eb3848653452b4192b92afed"
            ],
            "markers": "python_version >= '3.7'",
            "version": "==3.7.2"
        },
        "certifi": {
            "hashes": [
                "sha256:539cc1d13202e33ca466e88b2807e29f4c13049d6d87031a3c110744495cb082",
                "sha256:92d6037539857d8206b8f6ae472e8b77db8058fec5937a1ef3f54304089edbb9"
            ],
            "markers": "python_version >= '3.6'",
            "version": "==2023.7.22"
        },
        "django": {
            "hashes": [
                "sha256:5e5c1c9548ffb7796b4a8a4782e9a2e5a3df3615259fc1bfd3ebc73b646146c1",
                "sha256:b6b2b5cae821077f137dc4dade696a1c2aa292f892eca28fa8d7bfdf2608ddd4"
            ],
            "index": "pypi",
            "markers": "python_version >= '3.8'",
            "version": "==4.2.5"
        },
        "django-debug-toolbar": {
            "hashes": [
                "sha256:af99128c06e8e794479e65ab62cc6c7d1e74e1c19beb44dcbf9bad7a9c017327",
                "sha256:bc7fdaafafcdedefcc67a4a5ad9dac96efd6e41db15bc74d402a54a2ba4854dc"
            ],
            "index": "pypi",
            "version": "==4.2.0"
        },
        "django-feather": {
            "hashes": [
                "sha256:cc3dcd9f42fa449d947130b31c154df14275edfd2e48909f5ea7f0ec7634badd",
                "sha256:ed60fbaed605ee6912a36a7be442d7150e2d48cc46bb40a8d9fc2da162b9c676"
            ],
            "index": "pypi",
            "version": "==0.3.0"
        },
        "django-htmx": {
            "hashes": [
                "sha256:4089f2ed38727e9846c2f4cd1daddf6b010c7be8d834cfbcffc8c5ecf445c04e",
                "sha256:f4971432d2ca45dbb31d9b58add1c50ae54354afe4bf59cafd591b1711b502c0"
            ],
            "index": "pypi",
            "markers": "python_version >= '3.8'",
            "version": "==1.17.2"
        },
        "django-ipware": {
            "hashes": [
                "sha256:4fa5607ee85e12ee5e158bc7569ff1e134fb1579681aa1ff3f0ed04be21be153",
                "sha256:80b52a3f571a371519cc552798f1015b934dd5dd7738bfad87e101e861bd21b8"
            ],
            "index": "pypi",
            "version": "==5.0.0"
        },
        "django-widget-tweaks": {
            "hashes": [
                "sha256:1c2180681ebb994e922c754804c7ffebbe1245014777ac47897a81f57cc629c7",
                "sha256:a41b7b2f05bd44d673d11ebd6c09a96f1d013ee98121cb98c384fe84e33b881e"
            ],
            "index": "pypi",
            "version": "==1.5.0"
        },
        "gunicorn": {
            "hashes": [
                "sha256:9dcc4547dbb1cb284accfb15ab5667a0e5d1881cc443e0677b4882a4067a807e",
                "sha256:e0a968b5ba15f8a328fdfd7ab1fcb5af4470c28aaf7e55df02a99bc13138e6e8"
            ],
            "index": "pypi",
            "version": "==20.1.0"
        },
        "psycopg2-binary": {
            "hashes": [
                "sha256:01f9731761f711e42459f87bd2ad5d744b9773b5dd05446f3b579a0f077e78e3",
                "sha256:0e3071c947bda6afc6fe2e7b64ebd64fb2cad1bc0e705a3594cb499291f2dfec",
                "sha256:14f85ff2d5d826a7ce9e6c31e803281ed5a096789f47f52cb728c88f488de01b",
                "sha256:15458c81b0d199ab55825007115f697722831656e6477a427783fe75c201c82b",
                "sha256:19d40993701e39c49b50e75cd690a6af796d7e7210941ee0fe49cf12b25840e5",
                "sha256:1d669887df169a9b0c09e0f5b46891511850a9ddfcde3593408af9d9774c5c3a",
                "sha256:1dbad789ebd1e61201256a19dc2e90fed4706bc966ccad4f374648e5336b1ab4",
                "sha256:1f279ba74f0d6b374526e5976c626d2ac3b8333b6a7b08755c513f4d380d3add",
                "sha256:205cecdd81ff4f1ddd687ce7d06879b9b80cccc428d8d6ebf36fcba08bb6d361",
                "sha256:278ebd63ced5a5f3af5394cb75a9a067243eee21f42f0126c6f1cf85eaeb90f9",
                "sha256:3723c3f009e2b2771f2491b330edb7091846f1aad0c08fbbd9a1383d6a0c0841",
                "sha256:395c217156723fe21809dfe8f7a433c5bf8e9bce229944668e4ec709c37c5442",
                "sha256:3ae22a0fa5c516b84ddb189157fabfa3f12eded5d630e1ce260a18e1771f8707",
                "sha256:3b6928a502af71ca2ac9aad535e78c8309892ed3bfa7933182d4c760580c8af4",
                "sha256:3b6c607ecb6a9c245ebe162d63ccd9222d38efa3c858bbe38d32810b08b8f87e",
                "sha256:3fd44b52bc9c74c1512662e8da113a1c55127adeeacebaf460babe766517b049",
                "sha256:4336afc0e81726350bd5863e3c3116d8c12aa7f457d3d0b3b3dc36137fec6feb",
                "sha256:4879ee1d07a6b2c232ae6a74570f4788cd7a29b3cd38bc39bf60225b1d075c78",
                "sha256:4960c881471ca710b81a67ef148c33ee121c1f8e47a639cf7e06537fe9fee337",
                "sha256:4b8b2cdf3bce4dd91dc035fbff4eb812f5607dda91364dc216b0920b97b521c7",
                "sha256:4bfabbd7e70785af726cc0209e8e64b926abf91741eca80678b221aad9e72135",
                "sha256:4d6b592ecc8667e608b9e7344259fbfb428cc053df0062ec3ac75d8270cd5a9f",
                "sha256:5262713988d97a9d4cd54b682dec4a413b87b76790e5b16f480450550d11a8f7",
                "sha256:54bf5c27bd5867a5fa5341fad29f0d5838e2fed617ef5346884baf8b8b16dd82",
                "sha256:565edaf9f691b17a7fdbabd368b5b3e67d0fdc8f7f6b52177c1d3289f4e763fd",
                "sha256:59421806c1a0803ea7de9ed061d656c041a84db0da7e73266b98db4c7ba263da",
                "sha256:59f45cca0765aabb52a5822c72d5ff2ec46a28b1c1702de90dc0d306ec5c2001",
                "sha256:5a0a6e4004697ec98035ff3b8dfc4dba8daa477b23ee891d831cd3cd65ace6be",
                "sha256:5aa0c99c12075c593dcdccbb8a7aaa714b716560cc99ef9206f9e75b77520801",
                "sha256:5aef3296d44d05805e634dbbd2972aa8eb7497926dd86047f5e39a79c3ecc086",
                "sha256:5cbe1e19f59950afd66764e3c905ecee9f2aee9f8df2ef35af6f7948ad93f620",
                "sha256:5debcb23a052f3fb4c165789ea513b562b2fac0f0f4f53eaf3cf4dc648907ff8",
                "sha256:5f955fe6301b84b6fd13970a05f3640fbb62ca3a0d19342356585006c830e038",
                "sha256:6369f4bd4d27944498094dccced1ae7ca43376a59dbfe4c8b6a16e9e3dc3ccce",
                "sha256:63ce1dccfd08d9c5341ac82d62aa04345bc4bf41b5e5b7b2c6c172a28e0eda27",
                "sha256:65403113ac3a4813a1409fb6a1e43c658b459cc8ed8afcc5f4baf02ec8be4334",
                "sha256:673eafbdaa4ed9f5164c90e191c3895cc5f866b9b379fdb59f3a2294e914d9bd",
                "sha256:693a4e7641556f0b421a7d6c6a74058aead407d860ac1cb9d0bf25be0ca73de8",
                "sha256:6e1bb4eb0d9925d65dabaaabcbb279fab444ba66d73f86d4c07dfd11f0139c06",
                "sha256:6f5e70e40dae47a4dc7f8eb390753bb599b0f4ede314580e6faa3b7383695d19",
                "sha256:80451e6b6b7c486828d5c7ed50769532bbb04ec3a411f1e833539d5c10eb691c",
                "sha256:8c84ff9682bc4520504c474e189b3de7c4a4029e529c8b775e39c95c33073767",
                "sha256:91719f53ed2a95ebecefac48d855d811cba9d9fe300acc162993bdfde9bc1c3b",
                "sha256:9a971086db0069aef2fd22ccffb670baac427f4ee2174c4f5c7206254f1e6794",
                "sha256:aeb09db95f38e75ae04e947d283e07be34d03c4c2ace4f0b73dbb9143d506e67",
                "sha256:c68a2e1afb4f2a5bb4b7bb8f90298d21196ac1c66418523e549430b8c4b7cb1e",
                "sha256:c7ff2b6a79a92b1b169b03bb91b41806843f0cdf6055256554495bffed1d496d",
                "sha256:ccaa2ae03990cedde1f618ff11ec89fefa84622da73091a67b44553ca8be6711",
                "sha256:cf60c599c40c266a01c458e9c71db7132b11760f98f08233f19b3e0a2153cbf1",
                "sha256:d29efab3c5d6d978115855a0f2643e0ee8c6450dc536d5b4afec6f52ab99e99e",
                "sha256:d4a19a3332f2ac6d093e60a6f1c589f97eb9f9de7e27ea80d67f188384e31572",
                "sha256:dc145a241e1f6381efb924bcf3e3462d6020b8a147363f9111eb0a9c89331ad7",
                "sha256:de85105c568dc5f0f0efe793209ba83e4675d53d00faffc7a7c7a8bea9e0e19a",
                "sha256:e11373d8e4f1f46cf3065bf613f0df9854803dc95aa4a35354ffac19f8c52127",
                "sha256:e271ad6692d50d70ca75db3bd461bfc26316de78de8fe1f504ef16dcea8f2312",
                "sha256:e3142c7e51b92855cff300580de949e36a94ab3bfa8f353b27fe26535e9b3542",
                "sha256:e46b0f4683539965ce849f2c13fc53e323bb08d84d4ba2e4b3d976f364c84210",
                "sha256:e6ef615d48fa60361e57f998327046bd89679c25d06eee9e78156be5a7a76e03",
                "sha256:e7bdc94217ae20ad03b375a991e107a31814053bee900ad8c967bf82ef3ff02e",
                "sha256:fc37de7e3a87f5966965fc874d33c9b68d638e6c3718fdf32a5083de563428b0"
            ],
            "index": "pypi",
            "version": "==2.9.8"
        },
        "sentry-sdk": {
            "hashes": [
                "sha256:0c9f858337ec3781cf4851972ef42bba8c9828aea116b0dbed8f38c5f9a1896c",
                "sha256:760e4fb6d01c994110507133e08ecd4bdf4d75ee4be77f296a3579796cf73134"
            ],
            "index": "pypi",
            "version": "==1.26.0"
        },
        "setuptools": {
            "hashes": [
                "sha256:4ac1475276d2f1c48684874089fefcd83bd7162ddaafb81fac866ba0db282a87",
                "sha256:b454a35605876da60632df1a60f736524eb73cc47bbc9f3f1ef1b644de74fd2a"
            ],
            "markers": "python_version >= '3.8'",
            "version": "==68.2.2"
        },
        "sqlparse": {
            "hashes": [
                "sha256:5430a4fe2ac7d0f93e66f1efc6e1338a41884b7ddf2a350cedd20ccc4d9d28f3",
                "sha256:d446183e84b8349fa3061f0fe7f06ca94ba65b426946ffebe6e3e8295332420c"
            ],
            "markers": "python_version >= '3.5'",
            "version": "==0.4.4"
        },
        "typing-extensions": {
            "hashes": [
                "sha256:8f92fc8806f9a6b641eaa5318da32b44d401efaac0f6678c9bc448ba3605faa0",
                "sha256:df8e4339e9cb77357558cbdbceca33c303714cf861d1eef15e1070055ae8b7ef"
            ],
            "markers": "python_version < '3.11'",
            "version": "==4.8.0"
        },
        "urllib3": {
            "hashes": [
                "sha256:7a7c7003b000adf9e7ca2a377c9688bbc54ed41b985789ed576570342a375cd2",
                "sha256:b19e1a85d206b56d7df1d5e683df4a7725252a964e3993648dd0fb5a1c157564"
            ],
            "markers": "python_version >= '3.6'",
            "version": "==2.0.6"
        }
    },
    "develop": {
        "bumpver": {
            "hashes": [
                "sha256:9da18a6997ade04c66bec05f5349acc5f2f146b16fb77b307f91ef3370c6aa55",
                "sha256:ff8ad562a2ed87e862e07683cb68c4b61046679bf155f7a7ebb20b2ea47775cd"
            ],
            "index": "pypi",
            "version": "==2022.1120"
        },
        "click": {
            "hashes": [
                "sha256:ae74fb96c20a0277a1d615f1e4d73c8414f5a98db8b799a7931d1582f3390c28",
                "sha256:ca9853ad459e787e2192211578cc907e7594e294c7ccc834310722b41b9ca6de"
            ],
            "markers": "python_version >= '3.6'",
            "version": "==8.1.7"
        },
        "colorama": {
            "hashes": [
                "sha256:08695f5cb7ed6e0531a20572697297273c47b8cae5a63ffc6d6ed5c201be6e44",
                "sha256:4f1d9991f5acc0ca119f9d443620b77f9d6b33703e51011c16baf57afb285fc6"
            ],
            "markers": "python_version >= '2.7' and python_version not in '3.0, 3.1, 3.2, 3.3, 3.4, 3.5, 3.6'",
            "version": "==0.4.6"
        },
        "lexid": {
            "hashes": [
                "sha256:509a3a4cc926d3dbf22b203b18a4c66c25e6473fb7c0e0d30374533ac28bafe5",
                "sha256:5526bb5606fd74c7add23320da5f02805bddd7c77916f2dc1943e6bada8605ed"
            ],
            "markers": "python_version >= '2.7'",
            "version": "==2021.1006"
        },
        "pathlib2": {
            "hashes": [
                "sha256:5266a0fd000452f1b3467d782f079a4343c63aaa119221fbdc4e39577489ca5b",
                "sha256:9fe0edad898b83c0c3e199c842b27ed216645d2e177757b2dd67384d4113c641"
            ],
            "version": "==2.3.7.post1"
        },
        "setuptools": {
            "hashes": [
                "sha256:4ac1475276d2f1c48684874089fefcd83bd7162ddaafb81fac866ba0db282a87",
                "sha256:b454a35605876da60632df1a60f736524eb73cc47bbc9f3f1ef1b644de74fd2a"
            ],
            "markers": "python_version >= '3.8'",
            "version": "==68.2.2"
        },
        "six": {
            "hashes": [
                "sha256:1e61c37477a1626458e36f7b1d82aa5c9b094fa4802892072e49de9c60c4c926",
                "sha256:8abb2f1d86890a2dfb989f9a77cfcfd3e47c2a354b01111771326f8aa26e0254"
            ],
            "markers": "python_version >= '2.7' and python_version not in '3.0, 3.1, 3.2, 3.3'",
            "version": "==1.16.0"
        },
        "toml": {
            "hashes": [
                "sha256:806143ae5bfb6a3c6e736a764057db0e6a0e05e338b5630894a5f779cabb4f9b",
                "sha256:b3bda1d108d5dd99f4a20d24d9c348e91c4db7ab1b749200bded2f839ccbe68f"
            ],
            "markers": "python_version >= '2.6' and python_version not in '3.0, 3.1, 3.2, 3.3'",
            "version": "==0.10.2"
        }
    }
}
