# This file is automatically @generated by Poetry 1.8.5 and should not be changed by hand.

[[package]]
name = "asgiref"
version = "3.8.1"
description = "ASGI specs, helper code, and adapters"
optional = false
python-versions = ">=3.8"
files = [
    {file = "asgiref-3.8.1-py3-none-any.whl", hash = "sha256:3e1e3ecc849832fe52ccf2cb6686b7a55f82bb1d6aee72a58826471390335e47"},
    {file = "asgiref-3.8.1.tar.gz", hash = "sha256:c343bd80a0bec947a9860adb4c432ffa7db769836c64238fc34bdc3fec84d590"},
]

[package.extras]
tests = ["mypy (>=0.800)", "pytest", "pytest-asyncio"]

[[package]]
name = "bumpver"
version = "2023.1129"
description = "Bump version numbers in project files."
optional = false
python-versions = ">=2.7"
files = [
    {file = "bumpver-2023.1129-py2.py3-none-any.whl", hash = "sha256:b2a55c0224215b6ca1c3a0c99827749927b7c61cbb5dfef75565dbda8e75f687"},
    {file = "bumpver-2023.1129.tar.gz", hash = "sha256:2a09813066d92ae2eabf882d4f9a88ebd60135e828c424bdf7800e1723e15010"},
]

[package.dependencies]
click = {version = "*", markers = "python_version >= \"3.6\""}
colorama = ">=0.4"
lexid = "*"
looseversion = {version = "*", markers = "python_version >= \"3.5\""}
toml = "*"

[[package]]
name = "certifi"
version = "2024.12.14"
description = "Python package for providing Mozilla's CA Bundle."
optional = false
python-versions = ">=3.6"
files = [
    {file = "certifi-2024.12.14-py3-none-any.whl", hash = "sha256:1275f7a45be9464efc1173084eaa30f866fe2e47d389406136d332ed4967ec56"},
    {file = "certifi-2024.12.14.tar.gz", hash = "sha256:b650d30f370c2b724812bee08008be0c4163b163ddaec3f2546c1caf65f191db"},
]

[[package]]
name = "cfgv"
version = "3.4.0"
description = "Validate configuration and produce human readable error messages."
optional = false
python-versions = ">=3.8"
files = [
    {file = "cfgv-3.4.0-py2.py3-none-any.whl", hash = "sha256:b7265b1f29fd3316bfcd2b330d63d024f2bfd8bcb8b0272f8e19a504856c48f9"},
    {file = "cfgv-3.4.0.tar.gz", hash = "sha256:e52591d4c5f5dead8e0f673fb16db7949d2cfb3f7da4582893288f0ded8fe560"},
]

[[package]]
name = "click"
version = "8.1.7"
description = "Composable command line interface toolkit"
optional = false
python-versions = ">=3.7"
files = [
    {file = "click-8.1.7-py3-none-any.whl", hash = "sha256:ae74fb96c20a0277a1d615f1e4d73c8414f5a98db8b799a7931d1582f3390c28"},
    {file = "click-8.1.7.tar.gz", hash = "sha256:ca9853ad459e787e2192211578cc907e7594e294c7ccc834310722b41b9ca6de"},
]

[package.dependencies]
colorama = {version = "*", markers = "platform_system == \"Windows\""}

[[package]]
name = "colorama"
version = "0.4.6"
description = "Cross-platform colored terminal text."
optional = false
python-versions = "!=3.0.*,!=3.1.*,!=3.2.*,!=3.3.*,!=3.4.*,!=3.5.*,!=3.6.*,>=2.7"
files = [
    {file = "colorama-0.4.6-py2.py3-none-any.whl", hash = "sha256:4f1d9991f5acc0ca119f9d443620b77f9d6b33703e51011c16baf57afb285fc6"},
    {file = "colorama-0.4.6.tar.gz", hash = "sha256:08695f5cb7ed6e0531a20572697297273c47b8cae5a63ffc6d6ed5c201be6e44"},
]

[[package]]
name = "distlib"
version = "0.3.9"
description = "Distribution utilities"
optional = false
python-versions = "*"
files = [
    {file = "distlib-0.3.9-py2.py3-none-any.whl", hash = "sha256:47f8c22fd27c27e25a65601af709b38e4f0a45ea4fc2e710f65755fa8caaaf87"},
    {file = "distlib-0.3.9.tar.gz", hash = "sha256:a60f20dea646b8a33f3e7772f74dc0b2d0772d2837ee1342a00645c81edf9403"},
]

[[package]]
name = "django"
version = "5.0.6"
description = "A high-level Python web framework that encourages rapid development and clean, pragmatic design."
optional = false
python-versions = ">=3.10"
files = [
    {file = "Django-5.0.6-py3-none-any.whl", hash = "sha256:8363ac062bb4ef7c3f12d078f6fa5d154031d129a15170a1066412af49d30905"},
    {file = "Django-5.0.6.tar.gz", hash = "sha256:ff1b61005004e476e0aeea47c7f79b85864c70124030e95146315396f1e7951f"},
]

[package.dependencies]
asgiref = ">=3.7.0,<4"
sqlparse = ">=0.3.1"
tzdata = {version = "*", markers = "sys_platform == \"win32\""}

[package.extras]
argon2 = ["argon2-cffi (>=19.1.0)"]
bcrypt = ["bcrypt"]

[[package]]
name = "django-debug-toolbar"
version = "4.4.6"
description = "A configurable set of panels that display various debug information about the current request/response."
optional = false
python-versions = ">=3.8"
files = [
    {file = "django_debug_toolbar-4.4.6-py3-none-any.whl", hash = "sha256:3beb671c9ec44ffb817fad2780667f172bd1c067dbcabad6268ce39a81335f45"},
    {file = "django_debug_toolbar-4.4.6.tar.gz", hash = "sha256:36e421cb908c2f0675e07f9f41e3d1d8618dc386392ec82d23bcfcd5d29c7044"},
]

[package.dependencies]
django = ">=4.2.9"
sqlparse = ">=0.2"

[[package]]
name = "django-feather"
version = "0.3.0"
description = "A simple Tag to implement Feather Icons in Django"
optional = false
python-versions = "*"
files = [
    {file = "django-feather-0.3.0.tar.gz", hash = "sha256:ed60fbaed605ee6912a36a7be442d7150e2d48cc46bb40a8d9fc2da162b9c676"},
    {file = "django_feather-0.3.0-py3-none-any.whl", hash = "sha256:cc3dcd9f42fa449d947130b31c154df14275edfd2e48909f5ea7f0ec7634badd"},
]

[package.dependencies]
django = ">=2.0"

[package.extras]
testing = ["pytest", "pytest-django"]

[[package]]
name = "django-htmx"
version = "1.17.3"
description = "Extensions for using Django with htmx."
optional = false
python-versions = ">=3.8"
files = [
    {file = "django-htmx-1.17.3.tar.gz", hash = "sha256:a2069219920d7ef0883ddbf5e8d931069db145a0d4a8a032a2708f840c7a68a6"},
    {file = "django_htmx-1.17.3-py3-none-any.whl", hash = "sha256:0de964ca257eda2a4ebeeaa8181320119378fa5f95a2fc2f2bfbdd35034ed424"},
]

[package.dependencies]
asgiref = ">=3.6"
Django = ">=3.2"

[[package]]
name = "django-ipware"
version = "7.0.1"
description = "A Django application to retrieve user's IP address"
optional = false
python-versions = ">=3.8"
files = [
    {file = "django-ipware-7.0.1.tar.gz", hash = "sha256:d9ec43d2bf7cdf216fed8d494a084deb5761a54860a53b2e74346a4f384cff47"},
    {file = "django_ipware-7.0.1-py2.py3-none-any.whl", hash = "sha256:db16bbee920f661ae7f678e4270460c85850f03c6761a4eaeb489bdc91f64709"},
]

[package.dependencies]
python-ipware = ">=2.0.3"

[[package]]
name = "django-stubs"
version = "5.0.2"
description = "Mypy stubs for Django"
optional = false
python-versions = ">=3.8"
files = [
    {file = "django_stubs-5.0.2-py3-none-any.whl", hash = "sha256:cb0c506cb5c54c64612e4a2ee8d6b913c6178560ec168009fe847c09747c304b"},
    {file = "django_stubs-5.0.2.tar.gz", hash = "sha256:236bc5606e5607cb968f92b648471f9edaa461a774bc013bf9e6bff8730f6bdf"},
]

[package.dependencies]
asgiref = "*"
django = "*"
django-stubs-ext = ">=5.0.2"
types-PyYAML = "*"
typing-extensions = ">=4.11.0"

[package.extras]
compatible-mypy = ["mypy (>=1.10.0,<1.11.0)"]
oracle = ["oracledb"]
redis = ["redis"]

[[package]]
name = "django-stubs-ext"
version = "5.1.1"
description = "Monkey-patching and extensions for django-stubs"
optional = false
python-versions = ">=3.8"
files = [
    {file = "django_stubs_ext-5.1.1-py3-none-any.whl", hash = "sha256:3907f99e178c93323e2ce908aef8352adb8c047605161f8d9e5e7b4efb5a6a9c"},
    {file = "django_stubs_ext-5.1.1.tar.gz", hash = "sha256:db7364e4f50ae7e5360993dbd58a3a57ea4b2e7e5bab0fbd525ccdb3e7975d1c"},
]

[package.dependencies]
django = "*"
typing-extensions = "*"

[[package]]
name = "django-widget-tweaks"
version = "1.5.0"
description = "Tweak the form field rendering in templates, not in python-level form definitions."
optional = false
python-versions = ">=3.8"
files = [
    {file = "django-widget-tweaks-1.5.0.tar.gz", hash = "sha256:1c2180681ebb994e922c754804c7ffebbe1245014777ac47897a81f57cc629c7"},
    {file = "django_widget_tweaks-1.5.0-py3-none-any.whl", hash = "sha256:a41b7b2f05bd44d673d11ebd6c09a96f1d013ee98121cb98c384fe84e33b881e"},
]

[[package]]
name = "filelock"
version = "3.16.1"
description = "A platform independent file lock."
optional = false
python-versions = ">=3.8"
files = [
    {file = "filelock-3.16.1-py3-none-any.whl", hash = "sha256:2082e5703d51fbf98ea75855d9d5527e33d8ff23099bec374a134febee6946b0"},
    {file = "filelock-3.16.1.tar.gz", hash = "sha256:c249fbfcd5db47e5e2d6d62198e565475ee65e4831e2561c8e313fa7eb961435"},
]

[package.extras]
docs = ["furo (>=2024.8.6)", "sphinx (>=8.0.2)", "sphinx-autodoc-typehints (>=2.4.1)"]
testing = ["covdefaults (>=2.3)", "coverage (>=7.6.1)", "diff-cover (>=9.2)", "pytest (>=8.3.3)", "pytest-asyncio (>=0.24)", "pytest-cov (>=5)", "pytest-mock (>=3.14)", "pytest-timeout (>=2.3.1)", "virtualenv (>=20.26.4)"]
typing = ["typing-extensions (>=4.12.2)"]

[[package]]
name = "gunicorn"
version = "23.0.0"
description = "WSGI HTTP Server for UNIX"
optional = false
python-versions = ">=3.7"
files = [
    {file = "gunicorn-23.0.0-py3-none-any.whl", hash = "sha256:ec400d38950de4dfd418cff8328b2c8faed0edb0d517d3394e457c317908ca4d"},
    {file = "gunicorn-23.0.0.tar.gz", hash = "sha256:f014447a0101dc57e294f6c18ca6b40227a4c90e9bdb586042628030cba004ec"},
]

[package.dependencies]
packaging = "*"

[package.extras]
eventlet = ["eventlet (>=0.24.1,!=0.36.0)"]
gevent = ["gevent (>=1.4.0)"]
setproctitle = ["setproctitle"]
testing = ["coverage", "eventlet", "gevent", "pytest", "pytest-cov"]
tornado = ["tornado (>=0.2)"]

[[package]]
name = "identify"
version = "2.6.3"
description = "File identification library for Python"
optional = false
python-versions = ">=3.9"
files = [
    {file = "identify-2.6.3-py2.py3-none-any.whl", hash = "sha256:9edba65473324c2ea9684b1f944fe3191db3345e50b6d04571d10ed164f8d7bd"},
    {file = "identify-2.6.3.tar.gz", hash = "sha256:62f5dae9b5fef52c84cc188514e9ea4f3f636b1d8799ab5ebc475471f9e47a02"},
]

[package.extras]
license = ["ukkonen"]

[[package]]
name = "lexid"
version = "2021.1006"
description = "Variable width build numbers with lexical ordering."
optional = false
python-versions = ">=2.7"
files = [
    {file = "lexid-2021.1006-py2.py3-none-any.whl", hash = "sha256:5526bb5606fd74c7add23320da5f02805bddd7c77916f2dc1943e6bada8605ed"},
    {file = "lexid-2021.1006.tar.gz", hash = "sha256:509a3a4cc926d3dbf22b203b18a4c66c25e6473fb7c0e0d30374533ac28bafe5"},
]

[[package]]
name = "looseversion"
version = "1.3.0"
description = "Version numbering for anarchists and software realists"
optional = false
python-versions = "*"
files = [
    {file = "looseversion-1.3.0-py2.py3-none-any.whl", hash = "sha256:781ef477b45946fc03dd4c84ea87734b21137ecda0e1e122bcb3c8d16d2a56e0"},
    {file = "looseversion-1.3.0.tar.gz", hash = "sha256:ebde65f3f6bb9531a81016c6fef3eb95a61181adc47b7f949e9c0ea47911669e"},
]

[[package]]
name = "nodeenv"
version = "1.9.1"
description = "Node.js virtual environment builder"
optional = false
python-versions = "!=3.0.*,!=3.1.*,!=3.2.*,!=3.3.*,!=3.4.*,!=3.5.*,!=3.6.*,>=2.7"
files = [
    {file = "nodeenv-1.9.1-py2.py3-none-any.whl", hash = "sha256:ba11c9782d29c27c70ffbdda2d7415098754709be8a7056d79a737cd901155c9"},
    {file = "nodeenv-1.9.1.tar.gz", hash = "sha256:6ec12890a2dab7946721edbfbcd91f3319c6ccc9aec47be7c7e6b7011ee6645f"},
]

[[package]]
name = "packaging"
version = "24.2"
description = "Core utilities for Python packages"
optional = false
python-versions = ">=3.8"
files = [
    {file = "packaging-24.2-py3-none-any.whl", hash = "sha256:09abb1bccd265c01f4a3aa3f7a7db064b36514d2cba19a2f694fe6150451a759"},
    {file = "packaging-24.2.tar.gz", hash = "sha256:c228a6dc5e932d346bc5739379109d49e8853dd8223571c7c5b55260edc0b97f"},
]

[[package]]
name = "platformdirs"
version = "4.3.6"
description = "A small Python package for determining appropriate platform-specific dirs, e.g. a `user data dir`."
optional = false
python-versions = ">=3.8"
files = [
    {file = "platformdirs-4.3.6-py3-none-any.whl", hash = "sha256:73e575e1408ab8103900836b97580d5307456908a03e92031bab39e4554cc3fb"},
    {file = "platformdirs-4.3.6.tar.gz", hash = "sha256:357fb2acbc885b0419afd3ce3ed34564c13c9b95c89360cd9563f73aa5e2b907"},
]

[package.extras]
docs = ["furo (>=2024.8.6)", "proselint (>=0.14)", "sphinx (>=8.0.2)", "sphinx-autodoc-typehints (>=2.4)"]
test = ["appdirs (==1.4.4)", "covdefaults (>=2.3)", "pytest (>=8.3.2)", "pytest-cov (>=5)", "pytest-mock (>=3.14)"]
type = ["mypy (>=1.11.2)"]

[[package]]
name = "pre-commit"
version = "3.8.0"
description = "A framework for managing and maintaining multi-language pre-commit hooks."
optional = false
python-versions = ">=3.9"
files = [
    {file = "pre_commit-3.8.0-py2.py3-none-any.whl", hash = "sha256:9a90a53bf82fdd8778d58085faf8d83df56e40dfe18f45b19446e26bf1b3a63f"},
    {file = "pre_commit-3.8.0.tar.gz", hash = "sha256:8bb6494d4a20423842e198980c9ecf9f96607a07ea29549e180eef9ae80fe7af"},
]

[package.dependencies]
cfgv = ">=2.0.0"
identify = ">=1.0.0"
nodeenv = ">=0.11.1"
pyyaml = ">=5.1"
virtualenv = ">=20.10.0"

[[package]]
name = "psycopg"
version = "3.1.17"
description = "PostgreSQL database adapter for Python"
optional = false
python-versions = ">=3.7"
files = [
    {file = "psycopg-3.1.17-py3-none-any.whl", hash = "sha256:96b7b13af6d5a514118b759a66b2799a8a4aa78675fa6bb0d3f7d52d67eff002"},
    {file = "psycopg-3.1.17.tar.gz", hash = "sha256:437e7d7925459f21de570383e2e10542aceb3b9cb972ce957fdd3826ca47edc6"},
]

[package.dependencies]
psycopg-binary = {version = "3.1.17", optional = true, markers = "implementation_name != \"pypy\" and extra == \"binary\""}
typing-extensions = ">=4.1"
tzdata = {version = "*", markers = "sys_platform == \"win32\""}

[package.extras]
binary = ["psycopg-binary (==3.1.17)"]
c = ["psycopg-c (==3.1.17)"]
dev = ["black (>=23.1.0)", "codespell (>=2.2)", "dnspython (>=2.1)", "flake8 (>=4.0)", "mypy (>=1.4.1)", "types-setuptools (>=57.4)", "wheel (>=0.37)"]
docs = ["Sphinx (>=5.0)", "furo (==2022.6.21)", "sphinx-autobuild (>=2021.3.14)", "sphinx-autodoc-typehints (>=1.12)"]
pool = ["psycopg-pool"]
test = ["anyio (>=3.6.2,<4.0)", "mypy (>=1.4.1)", "pproxy (>=2.7)", "pytest (>=6.2.5)", "pytest-cov (>=3.0)", "pytest-randomly (>=3.5)"]

[[package]]
name = "psycopg-binary"
version = "3.1.17"
description = "PostgreSQL database adapter for Python -- C optimisation distribution"
optional = false
python-versions = ">=3.7"
files = [
    {file = "psycopg_binary-3.1.17-cp310-cp310-macosx_10_9_x86_64.whl", hash = "sha256:f9ba559eabb0ba1afd4e0504fa0b10e00a212cac0c4028b8a1c3b087b5c1e5de"},
    {file = "psycopg_binary-3.1.17-cp310-cp310-macosx_11_0_arm64.whl", hash = "sha256:2b2a689eaede08cf91a36b10b0da6568dd6e4669200f201e082639816737992b"},
    {file = "psycopg_binary-3.1.17-cp310-cp310-manylinux_2_17_aarch64.manylinux2014_aarch64.whl", hash = "sha256:a16abab0c1abc58feb6ab11d78d0f8178a67c3586bd70628ec7c0218ec04c4ef"},
    {file = "psycopg_binary-3.1.17-cp310-cp310-manylinux_2_17_i686.manylinux2014_i686.whl", hash = "sha256:73e7097b81cad9ae358334e3cec625246bb3b8013ae6bb287758dd6435e12f65"},
    {file = "psycopg_binary-3.1.17-cp310-cp310-manylinux_2_17_ppc64le.manylinux2014_ppc64le.whl", hash = "sha256:67a5b93101bc85a95a189c0a23d02a29cf06c1080a695a0dedfdd50dd734662a"},
    {file = "psycopg_binary-3.1.17-cp310-cp310-manylinux_2_17_x86_64.manylinux2014_x86_64.whl", hash = "sha256:751b31c2faae0348f87f22b45ef58f704bdcfc2abdd680fa0c743c124071157e"},
    {file = "psycopg_binary-3.1.17-cp310-cp310-musllinux_1_1_aarch64.whl", hash = "sha256:b447ea765e71bc33a82cf070bba814b1efa77967442d116b95ccef8ce5da7631"},
    {file = "psycopg_binary-3.1.17-cp310-cp310-musllinux_1_1_i686.whl", hash = "sha256:d2e9ed88d9a6a475c67bf70fc8285e88ccece0391727c7701e5a512e0eafbb05"},
    {file = "psycopg_binary-3.1.17-cp310-cp310-musllinux_1_1_ppc64le.whl", hash = "sha256:a89f36bf7b612ff6ed3e789bd987cbd0787cf0d66c49386fa3bad816dd7bee87"},
    {file = "psycopg_binary-3.1.17-cp310-cp310-musllinux_1_1_x86_64.whl", hash = "sha256:5ccbe8b2ec444763a51ecb1213befcbb75defc1ef36e7dd5dff501a23d7ce8cf"},
    {file = "psycopg_binary-3.1.17-cp310-cp310-win_amd64.whl", hash = "sha256:adb670031b27949c9dc5cf585c4a5a6b4469d3879fd2fb9d39b6d53e5f66b9bc"},
    {file = "psycopg_binary-3.1.17-cp311-cp311-macosx_10_9_x86_64.whl", hash = "sha256:0227885686c2cc0104ceb22d6eebc732766e9ad48710408cb0123237432e5435"},
    {file = "psycopg_binary-3.1.17-cp311-cp311-macosx_11_0_arm64.whl", hash = "sha256:9124b6db07e8d8b11f4512b8b56cbe136bf1b7d0417d1280e62291a9dcad4408"},
    {file = "psycopg_binary-3.1.17-cp311-cp311-manylinux_2_17_aarch64.manylinux2014_aarch64.whl", hash = "sha256:c8a46f77ba0ca7c5a5449b777170a518fa7820e1710edb40e777c9798f00d033"},
    {file = "psycopg_binary-3.1.17-cp311-cp311-manylinux_2_17_i686.manylinux2014_i686.whl", hash = "sha256:5f5f5bcbb772d8c243d605fc7151beec760dd27532d42145a58fb74ef9c5fbf2"},
    {file = "psycopg_binary-3.1.17-cp311-cp311-manylinux_2_17_ppc64le.manylinux2014_ppc64le.whl", hash = "sha256:267a82548c21476120e43dc72b961f1af52c380c0b4c951bdb34cf14cb26bd35"},
    {file = "psycopg_binary-3.1.17-cp311-cp311-manylinux_2_17_x86_64.manylinux2014_x86_64.whl", hash = "sha256:4b20013051f1fd7d02b8d0766cfe8d009e8078babc00a6d39bc7e2d50a7b96af"},
    {file = "psycopg_binary-3.1.17-cp311-cp311-musllinux_1_1_aarch64.whl", hash = "sha256:8c5c38129cc79d7e3ba553035b9962a442171e9f97bb1b8795c0885213f206f3"},
    {file = "psycopg_binary-3.1.17-cp311-cp311-musllinux_1_1_i686.whl", hash = "sha256:d01c4faae66de60fcd3afd3720dcc8ffa03bc2087f898106da127774db12aac5"},
    {file = "psycopg_binary-3.1.17-cp311-cp311-musllinux_1_1_ppc64le.whl", hash = "sha256:e6ae27b0617ad3809449964b5e901b21acff8e306abacb8ba71d5ee7c8c47eeb"},
    {file = "psycopg_binary-3.1.17-cp311-cp311-musllinux_1_1_x86_64.whl", hash = "sha256:40af298b209dd77ca2f3e7eb3fbcfb87a25999fc015fcd14140bde030a164c7e"},
    {file = "psycopg_binary-3.1.17-cp311-cp311-win_amd64.whl", hash = "sha256:7b4e4c2b05f3b431e9026e82590b217e87696e7a7548f512ae8059d59fa8af3b"},
    {file = "psycopg_binary-3.1.17-cp312-cp312-macosx_10_9_x86_64.whl", hash = "sha256:ea425a8dcd808a7232a5417d2633bfa543da583a2701b5228e9e29989a50deda"},
    {file = "psycopg_binary-3.1.17-cp312-cp312-macosx_11_0_arm64.whl", hash = "sha256:a3f1196d76860e72d338fab0d2b6722e8d47e2285d693e366ae36011c4a5898a"},
    {file = "psycopg_binary-3.1.17-cp312-cp312-manylinux_2_17_aarch64.manylinux2014_aarch64.whl", hash = "sha256:e1e867c2a729348df218a14ba1b862e627177fd57c7b4f3db0b4c708f6d03696"},
    {file = "psycopg_binary-3.1.17-cp312-cp312-manylinux_2_17_i686.manylinux2014_i686.whl", hash = "sha256:b0711e46361ea3047cd049868419d030c8236a9dea7e9ed1f053cbd61a853ec9"},
    {file = "psycopg_binary-3.1.17-cp312-cp312-manylinux_2_17_ppc64le.manylinux2014_ppc64le.whl", hash = "sha256:d1c0115bdf80cf6c8c9109cb10cf6f650fd1a8d841f884925e8cb12f34eb5371"},
    {file = "psycopg_binary-3.1.17-cp312-cp312-manylinux_2_17_x86_64.manylinux2014_x86_64.whl", hash = "sha256:3d0d154c780cc7b28a3a0886e8a4b18689202a1dbb522b3c771eb3a1289cf7c3"},
    {file = "psycopg_binary-3.1.17-cp312-cp312-musllinux_1_1_aarch64.whl", hash = "sha256:f4028443bf25c1e04ecffdc552c0a98d826903dec76a1568dfddf5ebbbb03db7"},
    {file = "psycopg_binary-3.1.17-cp312-cp312-musllinux_1_1_i686.whl", hash = "sha256:bf424d92dd7e94705b31625b02d396297a7c8fab4b6f7de8dba6388323a7b71c"},
    {file = "psycopg_binary-3.1.17-cp312-cp312-musllinux_1_1_ppc64le.whl", hash = "sha256:00377f6963ee7e4bf71cab17c2c235ef0624df9483f3b615d86aa24cde889d42"},
    {file = "psycopg_binary-3.1.17-cp312-cp312-musllinux_1_1_x86_64.whl", hash = "sha256:9690a535d9ccd361bbc3590bfce7fe679e847f44fa7cc97f3b885f4744ca8a2c"},
    {file = "psycopg_binary-3.1.17-cp312-cp312-win_amd64.whl", hash = "sha256:6b2ae342d69684555bfe77aed5546d125b4a99012e0b83a8b3da68c8829f0935"},
    {file = "psycopg_binary-3.1.17-cp37-cp37m-macosx_10_9_x86_64.whl", hash = "sha256:86bb3656c8d744cc1e42003414cd6c765117d70aa23da6c0f4ff2b826e0fd0fd"},
    {file = "psycopg_binary-3.1.17-cp37-cp37m-manylinux_2_17_aarch64.manylinux2014_aarch64.whl", hash = "sha256:c10b7713e3ed31df7319c2a72d5fea5a2536476d7695a3e1d18a1f289060997c"},
    {file = "psycopg_binary-3.1.17-cp37-cp37m-manylinux_2_17_i686.manylinux2014_i686.whl", hash = "sha256:12eab8bc91b4ba01b2ecee3b5b80501934b198f6e1f8d4b13596f3f38ba6e762"},
    {file = "psycopg_binary-3.1.17-cp37-cp37m-manylinux_2_17_ppc64le.manylinux2014_ppc64le.whl", hash = "sha256:6a728beefd89b430ebe2729d04ba10e05036b5e9d01648da60436000d2fcd242"},
    {file = "psycopg_binary-3.1.17-cp37-cp37m-manylinux_2_17_x86_64.manylinux2014_x86_64.whl", hash = "sha256:61104b8e7a43babf2bbaa36c08e31a12023e2f967166e99d6b052b11a4c7db06"},
    {file = "psycopg_binary-3.1.17-cp37-cp37m-musllinux_1_1_aarch64.whl", hash = "sha256:02cd2eb62ffc56f8c847d68765cbf461b3d11b438fe48951e44b6c563ec27d18"},
    {file = "psycopg_binary-3.1.17-cp37-cp37m-musllinux_1_1_i686.whl", hash = "sha256:ca1757a6e080086f7234dc45684e81a47a66a6dd492a37d6ce38c58a1a93e9ff"},
    {file = "psycopg_binary-3.1.17-cp37-cp37m-musllinux_1_1_ppc64le.whl", hash = "sha256:6e3543edc18553e31a3884af3cd7eea43d6c44532d8b9b16f3e743cdf6cfe6c5"},
    {file = "psycopg_binary-3.1.17-cp37-cp37m-musllinux_1_1_x86_64.whl", hash = "sha256:914254849486e14aa931b0b3382cd16887f1507068ffba775cbdc5a55fe9ef19"},
    {file = "psycopg_binary-3.1.17-cp37-cp37m-win_amd64.whl", hash = "sha256:92fad8f1aa80a5ab316c0493dc6d1b54c1dba21937e43eea7296ff4a0ccc071e"},
    {file = "psycopg_binary-3.1.17-cp38-cp38-macosx_10_9_x86_64.whl", hash = "sha256:6d4f2e15d33ed4f9776fdf23683512d76f4e7825c4b80677e9e3ce6c1b193ff2"},
    {file = "psycopg_binary-3.1.17-cp38-cp38-macosx_11_0_arm64.whl", hash = "sha256:4fa26836ce074a1104249378727e1f239a01530f36bae16e77cf6c50968599b4"},
    {file = "psycopg_binary-3.1.17-cp38-cp38-manylinux_2_17_aarch64.manylinux2014_aarch64.whl", hash = "sha256:d54bcf2dfc0880bf13f38512d44b194c092794e4ee9e01d804bc6cd3eed9bfb7"},
    {file = "psycopg_binary-3.1.17-cp38-cp38-manylinux_2_17_i686.manylinux2014_i686.whl", hash = "sha256:7e28024204dc0c61094268c682041d2becfedfea2e3b46bed5f6138239304d98"},
    {file = "psycopg_binary-3.1.17-cp38-cp38-manylinux_2_17_ppc64le.manylinux2014_ppc64le.whl", hash = "sha256:0b1ec6895cab887b92c303565617f994c9b9db53befda81fa2a31b76fe8a3ab1"},
    {file = "psycopg_binary-3.1.17-cp38-cp38-manylinux_2_17_x86_64.manylinux2014_x86_64.whl", hash = "sha256:420c1eb1626539c261cf3fbe099998da73eb990f9ce1a34da7feda414012ea5f"},
    {file = "psycopg_binary-3.1.17-cp38-cp38-musllinux_1_1_aarch64.whl", hash = "sha256:83404a353240fdff5cfe9080665fdfdcaa2d4d0c5112e15b0a2fe2e59200ed57"},
    {file = "psycopg_binary-3.1.17-cp38-cp38-musllinux_1_1_i686.whl", hash = "sha256:a0c4ba73f9e7721dd6cc3e6953016652dbac206f654229b7a1a8ac182b16e689"},
    {file = "psycopg_binary-3.1.17-cp38-cp38-musllinux_1_1_ppc64le.whl", hash = "sha256:f6898bf1ca5aa01115807643138e3e20ec603b17a811026bc4a49d43055720a7"},
    {file = "psycopg_binary-3.1.17-cp38-cp38-musllinux_1_1_x86_64.whl", hash = "sha256:6b40fa54a02825d3d6a8009d9a82a2b4fad80387acf2b8fd6d398fd2813cb2d9"},
    {file = "psycopg_binary-3.1.17-cp38-cp38-win_amd64.whl", hash = "sha256:78ebb43dca7d5b41eee543cd005ee5a0256cecc74d84acf0fab4f025997b837e"},
    {file = "psycopg_binary-3.1.17-cp39-cp39-macosx_10_9_x86_64.whl", hash = "sha256:02ac573f5a6e79bb6df512b3a6279f01f033bbd45c47186e8872fee45f6681d0"},
    {file = "psycopg_binary-3.1.17-cp39-cp39-macosx_11_0_arm64.whl", hash = "sha256:704f6393d758b12a4369887fe956b2a8c99e4aced839d9084de8e3f056015d40"},
    {file = "psycopg_binary-3.1.17-cp39-cp39-manylinux_2_17_aarch64.manylinux2014_aarch64.whl", hash = "sha256:0340ef87a888fd940796c909e038426f4901046f61856598582a817162c64984"},
    {file = "psycopg_binary-3.1.17-cp39-cp39-manylinux_2_17_i686.manylinux2014_i686.whl", hash = "sha256:a880e4113af3ab84d6a0991e3f85a2424924c8a182733ab8d964421df8b5190a"},
    {file = "psycopg_binary-3.1.17-cp39-cp39-manylinux_2_17_ppc64le.manylinux2014_ppc64le.whl", hash = "sha256:93921178b9a40c60c26e47eb44970f88c49fe484aaa3bb7ec02bb8b514eab3d9"},
    {file = "psycopg_binary-3.1.17-cp39-cp39-manylinux_2_17_x86_64.manylinux2014_x86_64.whl", hash = "sha256:2a05400e9314fc30bc1364865ba9f6eaa2def42b5e7e67f71f9a4430f870023e"},
    {file = "psycopg_binary-3.1.17-cp39-cp39-musllinux_1_1_aarch64.whl", hash = "sha256:3e2cc2bbf37ff1cf11e8b871c294e3532636a3cf7f0c82518b7537158923d77b"},
    {file = "psycopg_binary-3.1.17-cp39-cp39-musllinux_1_1_i686.whl", hash = "sha256:a343261701a8f63f0d8268f7fd32be40ffe28d24b65d905404ca03e7281f7bb5"},
    {file = "psycopg_binary-3.1.17-cp39-cp39-musllinux_1_1_ppc64le.whl", hash = "sha256:dceb3930ec426623c0cacc78e447a90882981e8c49d6fea8d1e48850e24a0170"},
    {file = "psycopg_binary-3.1.17-cp39-cp39-musllinux_1_1_x86_64.whl", hash = "sha256:d613a23f8928f30acb2b6b2398cb7775ba9852e8968e15df13807ba0d3ebd565"},
    {file = "psycopg_binary-3.1.17-cp39-cp39-win_amd64.whl", hash = "sha256:d90c0531e9d591bde8cea04e75107fcddcc56811b638a34853436b23c9a3cb7d"},
]

[[package]]
name = "python-ipware"
version = "3.0.0"
description = "A Python package to retrieve user's IP address"
optional = false
python-versions = ">=3.7"
files = [
    {file = "python_ipware-3.0.0-py3-none-any.whl", hash = "sha256:fc936e6e7ec9fcc107f9315df40658f468ac72f739482a707181742882e36b60"},
    {file = "python_ipware-3.0.0.tar.gz", hash = "sha256:9117b1c4dddcb5d5ca49e6a9617de2fc66aec2ef35394563ac4eecabdf58c062"},
]

[package.extras]
dev = ["coverage[toml]", "coveralls (>=3.3,<4.0)", "ruff", "twine"]

[[package]]
name = "pyyaml"
version = "6.0.2"
description = "YAML parser and emitter for Python"
optional = false
python-versions = ">=3.8"
files = [
    {file = "PyYAML-6.0.2-cp310-cp310-macosx_10_9_x86_64.whl", hash = "sha256:0a9a2848a5b7feac301353437eb7d5957887edbf81d56e903999a75a3d743086"},
    {file = "PyYAML-6.0.2-cp310-cp310-macosx_11_0_arm64.whl", hash = "sha256:29717114e51c84ddfba879543fb232a6ed60086602313ca38cce623c1d62cfbf"},
    {file = "PyYAML-6.0.2-cp310-cp310-manylinux_2_17_aarch64.manylinux2014_aarch64.whl", hash = "sha256:8824b5a04a04a047e72eea5cec3bc266db09e35de6bdfe34c9436ac5ee27d237"},
    {file = "PyYAML-6.0.2-cp310-cp310-manylinux_2_17_s390x.manylinux2014_s390x.whl", hash = "sha256:7c36280e6fb8385e520936c3cb3b8042851904eba0e58d277dca80a5cfed590b"},
    {file = "PyYAML-6.0.2-cp310-cp310-manylinux_2_17_x86_64.manylinux2014_x86_64.whl", hash = "sha256:ec031d5d2feb36d1d1a24380e4db6d43695f3748343d99434e6f5f9156aaa2ed"},
    {file = "PyYAML-6.0.2-cp310-cp310-musllinux_1_1_aarch64.whl", hash = "sha256:936d68689298c36b53b29f23c6dbb74de12b4ac12ca6cfe0e047bedceea56180"},
    {file = "PyYAML-6.0.2-cp310-cp310-musllinux_1_1_x86_64.whl", hash = "sha256:23502f431948090f597378482b4812b0caae32c22213aecf3b55325e049a6c68"},
    {file = "PyYAML-6.0.2-cp310-cp310-win32.whl", hash = "sha256:2e99c6826ffa974fe6e27cdb5ed0021786b03fc98e5ee3c5bfe1fd5015f42b99"},
    {file = "PyYAML-6.0.2-cp310-cp310-win_amd64.whl", hash = "sha256:a4d3091415f010369ae4ed1fc6b79def9416358877534caf6a0fdd2146c87a3e"},
    {file = "PyYAML-6.0.2-cp311-cp311-macosx_10_9_x86_64.whl", hash = "sha256:cc1c1159b3d456576af7a3e4d1ba7e6924cb39de8f67111c735f6fc832082774"},
    {file = "PyYAML-6.0.2-cp311-cp311-macosx_11_0_arm64.whl", hash = "sha256:1e2120ef853f59c7419231f3bf4e7021f1b936f6ebd222406c3b60212205d2ee"},
    {file = "PyYAML-6.0.2-cp311-cp311-manylinux_2_17_aarch64.manylinux2014_aarch64.whl", hash = "sha256:5d225db5a45f21e78dd9358e58a98702a0302f2659a3c6cd320564b75b86f47c"},
    {file = "PyYAML-6.0.2-cp311-cp311-manylinux_2_17_s390x.manylinux2014_s390x.whl", hash = "sha256:5ac9328ec4831237bec75defaf839f7d4564be1e6b25ac710bd1a96321cc8317"},
    {file = "PyYAML-6.0.2-cp311-cp311-manylinux_2_17_x86_64.manylinux2014_x86_64.whl", hash = "sha256:3ad2a3decf9aaba3d29c8f537ac4b243e36bef957511b4766cb0057d32b0be85"},
    {file = "PyYAML-6.0.2-cp311-cp311-musllinux_1_1_aarch64.whl", hash = "sha256:ff3824dc5261f50c9b0dfb3be22b4567a6f938ccce4587b38952d85fd9e9afe4"},
    {file = "PyYAML-6.0.2-cp311-cp311-musllinux_1_1_x86_64.whl", hash = "sha256:797b4f722ffa07cc8d62053e4cff1486fa6dc094105d13fea7b1de7d8bf71c9e"},
    {file = "PyYAML-6.0.2-cp311-cp311-win32.whl", hash = "sha256:11d8f3dd2b9c1207dcaf2ee0bbbfd5991f571186ec9cc78427ba5bd32afae4b5"},
    {file = "PyYAML-6.0.2-cp311-cp311-win_amd64.whl", hash = "sha256:e10ce637b18caea04431ce14fabcf5c64a1c61ec9c56b071a4b7ca131ca52d44"},
    {file = "PyYAML-6.0.2-cp312-cp312-macosx_10_9_x86_64.whl", hash = "sha256:c70c95198c015b85feafc136515252a261a84561b7b1d51e3384e0655ddf25ab"},
    {file = "PyYAML-6.0.2-cp312-cp312-macosx_11_0_arm64.whl", hash = "sha256:ce826d6ef20b1bc864f0a68340c8b3287705cae2f8b4b1d932177dcc76721725"},
    {file = "PyYAML-6.0.2-cp312-cp312-manylinux_2_17_aarch64.manylinux2014_aarch64.whl", hash = "sha256:1f71ea527786de97d1a0cc0eacd1defc0985dcf6b3f17bb77dcfc8c34bec4dc5"},
    {file = "PyYAML-6.0.2-cp312-cp312-manylinux_2_17_s390x.manylinux2014_s390x.whl", hash = "sha256:9b22676e8097e9e22e36d6b7bda33190d0d400f345f23d4065d48f4ca7ae0425"},
    {file = "PyYAML-6.0.2-cp312-cp312-manylinux_2_17_x86_64.manylinux2014_x86_64.whl", hash = "sha256:80bab7bfc629882493af4aa31a4cfa43a4c57c83813253626916b8c7ada83476"},
    {file = "PyYAML-6.0.2-cp312-cp312-musllinux_1_1_aarch64.whl", hash = "sha256:0833f8694549e586547b576dcfaba4a6b55b9e96098b36cdc7ebefe667dfed48"},
    {file = "PyYAML-6.0.2-cp312-cp312-musllinux_1_1_x86_64.whl", hash = "sha256:8b9c7197f7cb2738065c481a0461e50ad02f18c78cd75775628afb4d7137fb3b"},
    {file = "PyYAML-6.0.2-cp312-cp312-win32.whl", hash = "sha256:ef6107725bd54b262d6dedcc2af448a266975032bc85ef0172c5f059da6325b4"},
    {file = "PyYAML-6.0.2-cp312-cp312-win_amd64.whl", hash = "sha256:7e7401d0de89a9a855c839bc697c079a4af81cf878373abd7dc625847d25cbd8"},
    {file = "PyYAML-6.0.2-cp313-cp313-macosx_10_13_x86_64.whl", hash = "sha256:efdca5630322a10774e8e98e1af481aad470dd62c3170801852d752aa7a783ba"},
    {file = "PyYAML-6.0.2-cp313-cp313-macosx_11_0_arm64.whl", hash = "sha256:50187695423ffe49e2deacb8cd10510bc361faac997de9efef88badc3bb9e2d1"},
    {file = "PyYAML-6.0.2-cp313-cp313-manylinux_2_17_aarch64.manylinux2014_aarch64.whl", hash = "sha256:0ffe8360bab4910ef1b9e87fb812d8bc0a308b0d0eef8c8f44e0254ab3b07133"},
    {file = "PyYAML-6.0.2-cp313-cp313-manylinux_2_17_s390x.manylinux2014_s390x.whl", hash = "sha256:17e311b6c678207928d649faa7cb0d7b4c26a0ba73d41e99c4fff6b6c3276484"},
    {file = "PyYAML-6.0.2-cp313-cp313-manylinux_2_17_x86_64.manylinux2014_x86_64.whl", hash = "sha256:70b189594dbe54f75ab3a1acec5f1e3faa7e8cf2f1e08d9b561cb41b845f69d5"},
    {file = "PyYAML-6.0.2-cp313-cp313-musllinux_1_1_aarch64.whl", hash = "sha256:41e4e3953a79407c794916fa277a82531dd93aad34e29c2a514c2c0c5fe971cc"},
    {file = "PyYAML-6.0.2-cp313-cp313-musllinux_1_1_x86_64.whl", hash = "sha256:68ccc6023a3400877818152ad9a1033e3db8625d899c72eacb5a668902e4d652"},
    {file = "PyYAML-6.0.2-cp313-cp313-win32.whl", hash = "sha256:bc2fa7c6b47d6bc618dd7fb02ef6fdedb1090ec036abab80d4681424b84c1183"},
    {file = "PyYAML-6.0.2-cp313-cp313-win_amd64.whl", hash = "sha256:8388ee1976c416731879ac16da0aff3f63b286ffdd57cdeb95f3f2e085687563"},
    {file = "PyYAML-6.0.2-cp38-cp38-macosx_10_9_x86_64.whl", hash = "sha256:24471b829b3bf607e04e88d79542a9d48bb037c2267d7927a874e6c205ca7e9a"},
    {file = "PyYAML-6.0.2-cp38-cp38-manylinux_2_17_aarch64.manylinux2014_aarch64.whl", hash = "sha256:d7fded462629cfa4b685c5416b949ebad6cec74af5e2d42905d41e257e0869f5"},
    {file = "PyYAML-6.0.2-cp38-cp38-manylinux_2_17_s390x.manylinux2014_s390x.whl", hash = "sha256:d84a1718ee396f54f3a086ea0a66d8e552b2ab2017ef8b420e92edbc841c352d"},
    {file = "PyYAML-6.0.2-cp38-cp38-manylinux_2_17_x86_64.manylinux2014_x86_64.whl", hash = "sha256:9056c1ecd25795207ad294bcf39f2db3d845767be0ea6e6a34d856f006006083"},
    {file = "PyYAML-6.0.2-cp38-cp38-musllinux_1_1_x86_64.whl", hash = "sha256:82d09873e40955485746739bcb8b4586983670466c23382c19cffecbf1fd8706"},
    {file = "PyYAML-6.0.2-cp38-cp38-win32.whl", hash = "sha256:43fa96a3ca0d6b1812e01ced1044a003533c47f6ee8aca31724f78e93ccc089a"},
    {file = "PyYAML-6.0.2-cp38-cp38-win_amd64.whl", hash = "sha256:01179a4a8559ab5de078078f37e5c1a30d76bb88519906844fd7bdea1b7729ff"},
    {file = "PyYAML-6.0.2-cp39-cp39-macosx_10_9_x86_64.whl", hash = "sha256:688ba32a1cffef67fd2e9398a2efebaea461578b0923624778664cc1c914db5d"},
    {file = "PyYAML-6.0.2-cp39-cp39-macosx_11_0_arm64.whl", hash = "sha256:a8786accb172bd8afb8be14490a16625cbc387036876ab6ba70912730faf8e1f"},
    {file = "PyYAML-6.0.2-cp39-cp39-manylinux_2_17_aarch64.manylinux2014_aarch64.whl", hash = "sha256:d8e03406cac8513435335dbab54c0d385e4a49e4945d2909a581c83647ca0290"},
    {file = "PyYAML-6.0.2-cp39-cp39-manylinux_2_17_s390x.manylinux2014_s390x.whl", hash = "sha256:f753120cb8181e736c57ef7636e83f31b9c0d1722c516f7e86cf15b7aa57ff12"},
    {file = "PyYAML-6.0.2-cp39-cp39-manylinux_2_17_x86_64.manylinux2014_x86_64.whl", hash = "sha256:3b1fdb9dc17f5a7677423d508ab4f243a726dea51fa5e70992e59a7411c89d19"},
    {file = "PyYAML-6.0.2-cp39-cp39-musllinux_1_1_aarch64.whl", hash = "sha256:0b69e4ce7a131fe56b7e4d770c67429700908fc0752af059838b1cfb41960e4e"},
    {file = "PyYAML-6.0.2-cp39-cp39-musllinux_1_1_x86_64.whl", hash = "sha256:a9f8c2e67970f13b16084e04f134610fd1d374bf477b17ec1599185cf611d725"},
    {file = "PyYAML-6.0.2-cp39-cp39-win32.whl", hash = "sha256:6395c297d42274772abc367baaa79683958044e5d3835486c16da75d2a694631"},
    {file = "PyYAML-6.0.2-cp39-cp39-win_amd64.whl", hash = "sha256:39693e1f8320ae4f43943590b49779ffb98acb81f788220ea932a6b6c51004d8"},
    {file = "pyyaml-6.0.2.tar.gz", hash = "sha256:d584d9ec91ad65861cc08d42e834324ef890a082e591037abe114850ff7bbc3e"},
]

[[package]]
name = "ruff"
version = "0.5.7"
description = "An extremely fast Python linter and code formatter, written in Rust."
optional = false
python-versions = ">=3.7"
files = [
    {file = "ruff-0.5.7-py3-none-linux_armv6l.whl", hash = "sha256:548992d342fc404ee2e15a242cdbea4f8e39a52f2e7752d0e4cbe88d2d2f416a"},
    {file = "ruff-0.5.7-py3-none-macosx_10_12_x86_64.whl", hash = "sha256:00cc8872331055ee017c4f1071a8a31ca0809ccc0657da1d154a1d2abac5c0be"},
    {file = "ruff-0.5.7-py3-none-macosx_11_0_arm64.whl", hash = "sha256:eaf3d86a1fdac1aec8a3417a63587d93f906c678bb9ed0b796da7b59c1114a1e"},
    {file = "ruff-0.5.7-py3-none-manylinux_2_17_aarch64.manylinux2014_aarch64.whl", hash = "sha256:a01c34400097b06cf8a6e61b35d6d456d5bd1ae6961542de18ec81eaf33b4cb8"},
    {file = "ruff-0.5.7-py3-none-manylinux_2_17_armv7l.manylinux2014_armv7l.whl", hash = "sha256:fcc8054f1a717e2213500edaddcf1dbb0abad40d98e1bd9d0ad364f75c763eea"},
    {file = "ruff-0.5.7-py3-none-manylinux_2_17_i686.manylinux2014_i686.whl", hash = "sha256:7f70284e73f36558ef51602254451e50dd6cc479f8b6f8413a95fcb5db4a55fc"},
    {file = "ruff-0.5.7-py3-none-manylinux_2_17_ppc64.manylinux2014_ppc64.whl", hash = "sha256:a78ad870ae3c460394fc95437d43deb5c04b5c29297815a2a1de028903f19692"},
    {file = "ruff-0.5.7-py3-none-manylinux_2_17_ppc64le.manylinux2014_ppc64le.whl", hash = "sha256:9ccd078c66a8e419475174bfe60a69adb36ce04f8d4e91b006f1329d5cd44bcf"},
    {file = "ruff-0.5.7-py3-none-manylinux_2_17_s390x.manylinux2014_s390x.whl", hash = "sha256:7e31c9bad4ebf8fdb77b59cae75814440731060a09a0e0077d559a556453acbb"},
    {file = "ruff-0.5.7-py3-none-manylinux_2_17_x86_64.manylinux2014_x86_64.whl", hash = "sha256:8d796327eed8e168164346b769dd9a27a70e0298d667b4ecee6877ce8095ec8e"},
    {file = "ruff-0.5.7-py3-none-musllinux_1_2_aarch64.whl", hash = "sha256:4a09ea2c3f7778cc635e7f6edf57d566a8ee8f485f3c4454db7771efb692c499"},
    {file = "ruff-0.5.7-py3-none-musllinux_1_2_armv7l.whl", hash = "sha256:a36d8dcf55b3a3bc353270d544fb170d75d2dff41eba5df57b4e0b67a95bb64e"},
    {file = "ruff-0.5.7-py3-none-musllinux_1_2_i686.whl", hash = "sha256:9369c218f789eefbd1b8d82a8cf25017b523ac47d96b2f531eba73770971c9e5"},
    {file = "ruff-0.5.7-py3-none-musllinux_1_2_x86_64.whl", hash = "sha256:b88ca3db7eb377eb24fb7c82840546fb7acef75af4a74bd36e9ceb37a890257e"},
    {file = "ruff-0.5.7-py3-none-win32.whl", hash = "sha256:33d61fc0e902198a3e55719f4be6b375b28f860b09c281e4bdbf783c0566576a"},
    {file = "ruff-0.5.7-py3-none-win_amd64.whl", hash = "sha256:083bbcbe6fadb93cd86709037acc510f86eed5a314203079df174c40bbbca6b3"},
    {file = "ruff-0.5.7-py3-none-win_arm64.whl", hash = "sha256:2dca26154ff9571995107221d0aeaad0e75a77b5a682d6236cf89a58c70b76f4"},
    {file = "ruff-0.5.7.tar.gz", hash = "sha256:8dfc0a458797f5d9fb622dd0efc52d796f23f0a1493a9527f4e49a550ae9a7e5"},
]

[[package]]
name = "sentry-sdk"
version = "2.5.1"
description = "Python client for Sentry (https://sentry.io)"
optional = false
python-versions = ">=3.6"
files = [
    {file = "sentry_sdk-2.5.1-py2.py3-none-any.whl", hash = "sha256:1f87acdce4a43a523ae5aa21a3fc37522d73ebd9ec04b1dbf01aa3d173852def"},
    {file = "sentry_sdk-2.5.1.tar.gz", hash = "sha256:fbc40a78a8a9c6675133031116144f0d0940376fa6e4e1acd5624c90b0aaf58b"},
]

[package.dependencies]
certifi = "*"
urllib3 = ">=1.26.11"

[package.extras]
aiohttp = ["aiohttp (>=3.5)"]
anthropic = ["anthropic (>=0.16)"]
arq = ["arq (>=0.23)"]
asyncpg = ["asyncpg (>=0.23)"]
beam = ["apache-beam (>=2.12)"]
bottle = ["bottle (>=0.12.13)"]
celery = ["celery (>=3)"]
celery-redbeat = ["celery-redbeat (>=2)"]
chalice = ["chalice (>=1.16.0)"]
clickhouse-driver = ["clickhouse-driver (>=0.2.0)"]
django = ["django (>=1.8)"]
falcon = ["falcon (>=1.4)"]
fastapi = ["fastapi (>=0.79.0)"]
flask = ["blinker (>=1.1)", "flask (>=0.11)", "markupsafe"]
grpcio = ["grpcio (>=1.21.1)", "protobuf (>=3.8.0)"]
httpx = ["httpx (>=0.16.0)"]
huey = ["huey (>=2)"]
huggingface-hub = ["huggingface-hub (>=0.22)"]
langchain = ["langchain (>=0.0.210)"]
loguru = ["loguru (>=0.5)"]
openai = ["openai (>=1.0.0)", "tiktoken (>=0.3.0)"]
opentelemetry = ["opentelemetry-distro (>=0.35b0)"]
opentelemetry-experimental = ["opentelemetry-distro (>=0.40b0,<1.0)", "opentelemetry-instrumentation-aiohttp-client (>=0.40b0,<1.0)", "opentelemetry-instrumentation-django (>=0.40b0,<1.0)", "opentelemetry-instrumentation-fastapi (>=0.40b0,<1.0)", "opentelemetry-instrumentation-flask (>=0.40b0,<1.0)", "opentelemetry-instrumentation-requests (>=0.40b0,<1.0)", "opentelemetry-instrumentation-sqlite3 (>=0.40b0,<1.0)", "opentelemetry-instrumentation-urllib (>=0.40b0,<1.0)"]
pure-eval = ["asttokens", "executing", "pure-eval"]
pymongo = ["pymongo (>=3.1)"]
pyspark = ["pyspark (>=2.4.4)"]
quart = ["blinker (>=1.1)", "quart (>=0.16.1)"]
rq = ["rq (>=0.6)"]
sanic = ["sanic (>=0.8)"]
sqlalchemy = ["sqlalchemy (>=1.2)"]
starlette = ["starlette (>=0.19.1)"]
starlite = ["starlite (>=1.48)"]
tornado = ["tornado (>=5)"]

[[package]]
name = "sqlparse"
version = "0.5.3"
description = "A non-validating SQL parser."
optional = false
python-versions = ">=3.8"
files = [
    {file = "sqlparse-0.5.3-py3-none-any.whl", hash = "sha256:cf2196ed3418f3ba5de6af7e82c694a9fbdbfecccdfc72e281548517081f16ca"},
    {file = "sqlparse-0.5.3.tar.gz", hash = "sha256:09f67787f56a0b16ecdbde1bfc7f5d9c3371ca683cfeaa8e6ff60b4807ec9272"},
]

[package.extras]
dev = ["build", "hatch"]
doc = ["sphinx"]

[[package]]
name = "toml"
version = "0.10.2"
description = "Python Library for Tom's Obvious, Minimal Language"
optional = false
python-versions = ">=2.6, !=3.0.*, !=3.1.*, !=3.2.*"
files = [
    {file = "toml-0.10.2-py2.py3-none-any.whl", hash = "sha256:806143ae5bfb6a3c6e736a764057db0e6a0e05e338b5630894a5f779cabb4f9b"},
    {file = "toml-0.10.2.tar.gz", hash = "sha256:b3bda1d108d5dd99f4a20d24d9c348e91c4db7ab1b749200bded2f839ccbe68f"},
]

[[package]]
name = "types-pyyaml"
version = "6.0.12.20240917"
description = "Typing stubs for PyYAML"
optional = false
python-versions = ">=3.8"
files = [
    {file = "types-PyYAML-6.0.12.20240917.tar.gz", hash = "sha256:d1405a86f9576682234ef83bcb4e6fff7c9305c8b1fbad5e0bcd4f7dbdc9c587"},
    {file = "types_PyYAML-6.0.12.20240917-py3-none-any.whl", hash = "sha256:392b267f1c0fe6022952462bf5d6523f31e37f6cea49b14cee7ad634b6301570"},
]

[[package]]
name = "typing-extensions"
version = "4.12.2"
description = "Backported and Experimental Type Hints for Python 3.8+"
optional = false
python-versions = ">=3.8"
files = [
    {file = "typing_extensions-4.12.2-py3-none-any.whl", hash = "sha256:04e5ca0351e0f3f85c6853954072df659d0d13fac324d0072316b67d7794700d"},
    {file = "typing_extensions-4.12.2.tar.gz", hash = "sha256:1a7ead55c7e559dd4dee8856e3a88b41225abfe1ce8df57b7c13915fe121ffb8"},
]

[[package]]
name = "tzdata"
version = "2024.2"
description = "Provider of IANA time zone data"
optional = false
python-versions = ">=2"
files = [
    {file = "tzdata-2024.2-py2.py3-none-any.whl", hash = "sha256:a48093786cdcde33cad18c2555e8532f34422074448fbc874186f0abd79565cd"},
    {file = "tzdata-2024.2.tar.gz", hash = "sha256:7d85cc416e9382e69095b7bdf4afd9e3880418a2413feec7069d533d6b4e31cc"},
]

[[package]]
name = "urllib3"
version = "2.2.3"
description = "HTTP library with thread-safe connection pooling, file post, and more."
optional = false
python-versions = ">=3.8"
files = [
    {file = "urllib3-2.2.3-py3-none-any.whl", hash = "sha256:ca899ca043dcb1bafa3e262d73aa25c465bfb49e0bd9dd5d59f1d0acba2f8fac"},
    {file = "urllib3-2.2.3.tar.gz", hash = "sha256:e7d814a81dad81e6caf2ec9fdedb284ecc9c73076b62654547cc64ccdcae26e9"},
]

[package.extras]
brotli = ["brotli (>=1.0.9)", "brotlicffi (>=0.8.0)"]
h2 = ["h2 (>=4,<5)"]
socks = ["pysocks (>=1.5.6,!=1.5.7,<2.0)"]
zstd = ["zstandard (>=0.18.0)"]

[[package]]
name = "virtualenv"
version = "20.28.0"
description = "Virtual Python Environment builder"
optional = false
python-versions = ">=3.8"
files = [
    {file = "virtualenv-20.28.0-py3-none-any.whl", hash = "sha256:23eae1b4516ecd610481eda647f3a7c09aea295055337331bb4e6892ecce47b0"},
    {file = "virtualenv-20.28.0.tar.gz", hash = "sha256:2c9c3262bb8e7b87ea801d715fae4495e6032450c71d2309be9550e7364049aa"},
]

[package.dependencies]
distlib = ">=0.3.7,<1"
filelock = ">=3.12.2,<4"
platformdirs = ">=3.9.1,<5"

[package.extras]
docs = ["furo (>=2023.7.26)", "proselint (>=0.13)", "sphinx (>=7.1.2,!=7.3)", "sphinx-argparse (>=0.4)", "sphinxcontrib-towncrier (>=0.2.1a0)", "towncrier (>=23.6)"]
test = ["covdefaults (>=2.3)", "coverage (>=7.2.7)", "coverage-enable-subprocess (>=1)", "flaky (>=3.7)", "packaging (>=23.1)", "pytest (>=7.4)", "pytest-env (>=0.8.2)", "pytest-freezer (>=0.4.8)", "pytest-mock (>=3.11.1)", "pytest-randomly (>=3.12)", "pytest-timeout (>=2.1)", "setuptools (>=68)", "time-machine (>=2.10)"]

[metadata]
lock-version = "2.0"
python-versions = "^3.12"
content-hash = "c1ebe7fad51336f1df28d447234c6e74e4566e53c4ed4c1e290ee92f66bf94f1"
